{
  "name": "j-projects",
  "version": "1.0.0",
  "lockfileVersion": 2,
  "requires": true,
  "packages": {
    "": {
      "name": "j-projects",
      "version": "1.0.0",
      "license": "ISC",
      "dependencies": {
        "confetti-js": "^0.0.18",
        "devtools-detector": "^2.0.20",
        "jquery": "^3.6.0",
        "moment": "^2.29.4",
        "swup": "^2.0.14"
      }
    },
    "node_modules/compare-versions": {
      "version": "3.6.0",
      "resolved": "https://registry.npmjs.org/compare-versions/-/compare-versions-3.6.0.tgz",
      "integrity": "sha512-W6Af2Iw1z4CB7q4uU4hv646dW9GQuBM+YpC0UvUCWSD8w90SJjp+ujJuXaEMtAXBtSqGfMPuFOVn4/+FlaqfBA=="
    },
    "node_modules/confetti-js": {
      "version": "0.0.18",
      "resolved": "https://registry.npmjs.org/confetti-js/-/confetti-js-0.0.18.tgz",
      "integrity": "sha512-0B7pYmZGBZuBkN32ydjWRpJLfRUT9KZYkQKkC4SGrAsUq0XE2DLY5foCWBXMXXVg7sFKs3qIb+qsDx1eFTeSvA=="
    },
    "node_modules/delegate": {
      "version": "3.1.3",
      "resolved": "https://registry.npmjs.org/delegate/-/delegate-3.1.3.tgz",
      "integrity": "sha1-moJRp3fXAl+qVXN7w7BxdCEnqf0="
    },
    "node_modules/devtools-detector": {
      "version": "2.0.20",
      "resolved": "https://registry.npmjs.org/devtools-detector/-/devtools-detector-2.0.20.tgz",
      "integrity": "sha512-jFpdyH7Vhgc4ODj+2nNWkeXQg7eMcCB2BiMPKZn4mAT8CjEMOqVOtDvLm8JcmsI67qWpvSKW+/KMm4PiC4R7vQ==",
      "dependencies": {
        "compare-versions": "^3.6.0"
      }
    },
    "node_modules/jquery": {
      "version": "3.6.0",
      "resolved": "https://registry.npmjs.org/jquery/-/jquery-3.6.0.tgz",
      "integrity": "sha512-JVzAR/AjBvVt2BmYhxRCSYysDsPcssdmTFnzyLEts9qNwmjmu4JTAMYubEfwVOSwpQ1I1sKKFcxhZCI2buerfw=="
    },
    "node_modules/moment": {
      "version": "2.29.4",
      "resolved": "https://registry.npmjs.org/moment/-/moment-2.29.4.tgz",
      "integrity": "sha512-5LC9SOxjSc2HF6vO2CyuTDNivEdoz2IvyJJGj6X8DJ0eFyfszE0QiEd+iXmBvUP3WHxSjFH/vIsA0EN00cgr8w==",
      "engines": {
        "node": "*"
      }
    },
    "node_modules/opencollective-postinstall": {
      "version": "2.0.3",
      "resolved": "https://registry.npmjs.org/opencollective-postinstall/-/opencollective-postinstall-2.0.3.tgz",
      "integrity": "sha512-8AV/sCtuzUeTo8gQK5qDZzARrulB3egtLzFgteqB2tcT4Mw7B8Kt7JcDHmltjz6FOAHsvTevk70gZEbhM4ZS9Q==",
      "bin": {
        "opencollective-postinstall": "index.js"
      }
    },
    "node_modules/swup": {
      "version": "2.0.14",
      "resolved": "https://registry.npmjs.org/swup/-/swup-2.0.14.tgz",
      "integrity": "sha512-a+Ihye+rTOwyW7T/vJYwGEKy9kJwc4twwlBryoKZY6WNutQOdpWUKmCkJdvkrDNIqBAvIqpsGUW1NJvoxZxP8w==",
      "hasInstallScript": true,
      "dependencies": {
        "delegate": "3.1.3",
        "opencollective-postinstall": "^2.0.2"
      }
    }
  },
  "dependencies": {
    "compare-versions": {
      "version": "3.6.0",
      "resolved": "https://registry.npmjs.org/compare-versions/-/compare-versions-3.6.0.tgz",
      "integrity": "sha512-W6Af2Iw1z4CB7q4uU4hv646dW9GQuBM+YpC0UvUCWSD8w90SJjp+ujJuXaEMtAXBtSqGfMPuFOVn4/+FlaqfBA=="
    },
    "confetti-js": {
      "version": "0.0.18",
      "resolved": "https://registry.npmjs.org/confetti-js/-/confetti-js-0.0.18.tgz",
      "integrity": "sha512-0B7pYmZGBZuBkN32ydjWRpJLfRUT9KZYkQKkC4SGrAsUq0XE2DLY5foCWBXMXXVg7sFKs3qIb+qsDx1eFTeSvA=="
    },
    "delegate": {
      "version": "3.1.3",
      "resolved": "https://registry.npmjs.org/delegate/-/delegate-3.1.3.tgz",
      "integrity": "sha1-moJRp3fXAl+qVXN7w7BxdCEnqf0="
    },
    "devtools-detector": {
      "version": "2.0.20",
      "resolved": "https://registry.npmjs.org/devtools-detector/-/devtools-detector-2.0.20.tgz",
      "integrity": "sha512-jFpdyH7Vhgc4ODj+2nNWkeXQg7eMcCB2BiMPKZn4mAT8CjEMOqVOtDvLm8JcmsI67qWpvSKW+/KMm4PiC4R7vQ==",
      "requires": {
        "compare-versions": "^3.6.0"
      }
    },
    "jquery": {
      "version": "3.6.0",
      "resolved": "https://registry.npmjs.org/jquery/-/jquery-3.6.0.tgz",
      "integrity": "sha512-JVzAR/AjBvVt2BmYhxRCSYysDsPcssdmTFnzyLEts9qNwmjmu4JTAMYubEfwVOSwpQ1I1sKKFcxhZCI2buerfw=="
    },
    "moment": {
      "version": "2.29.4",
      "resolved": "https://registry.npmjs.org/moment/-/moment-2.29.4.tgz",
      "integrity": "sha512-5LC9SOxjSc2HF6vO2CyuTDNivEdoz2IvyJJGj6X8DJ0eFyfszE0QiEd+iXmBvUP3WHxSjFH/vIsA0EN00cgr8w=="
    },
    "opencollective-postinstall": {
      "version": "2.0.3",
      "resolved": "https://registry.npmjs.org/opencollective-postinstall/-/opencollective-postinstall-2.0.3.tgz",
      "integrity": "sha512-8AV/sCtuzUeTo8gQK5qDZzARrulB3egtLzFgteqB2tcT4Mw7B8Kt7JcDHmltjz6FOAHsvTevk70gZEbhM4ZS9Q=="
    },
    "swup": {
      "version": "2.0.14",
      "resolved": "https://registry.npmjs.org/swup/-/swup-2.0.14.tgz",
      "integrity": "sha512-a+Ihye+rTOwyW7T/vJYwGEKy9kJwc4twwlBryoKZY6WNutQOdpWUKmCkJdvkrDNIqBAvIqpsGUW1NJvoxZxP8w==",
      "requires": {
        "delegate": "3.1.3",
        "opencollective-postinstall": "^2.0.2"
      }
    }
  }
}
